
Microsoft Visual Studio Solution File, Format Version 12.00
# Visual Studio Version 16
VisualStudioVersion = 16.0.29001.49
MinimumVisualStudioVersion = 10.0.40219.1
Project("{9A19103F-16F7-4668-BE54-9A1E7A4F7556}") = "LeagueManager.Domain", "LeagueManager.Domain\LeagueManager.Domain.csproj", "{6B4D3E09-0916-42F4-8691-A12E00BD7E42}"
EndProject
Project("{FAE04EC0-301F-11D3-BF4B-00C04F79EFBC}") = "LeagueManager.Application", "LeagueManager.Application\LeagueManager.Application.csproj", "{37E78ABF-BAB1-49D8-9322-9FCA83371FAC}"
EndProject
Project("{FAE04EC0-301F-11D3-BF4B-00C04F79EFBC}") = "LeagueManager.Infrastructure", "LeagueManager.Infrastructure\LeagueManager.Infrastructure.csproj", "{F8D4C2CF-882B-4914-BFFC-7B741CBAA7B2}"
EndProject
Project("{FAE04EC0-301F-11D3-BF4B-00C04F79EFBC}") = "LeagueManager.Persistence.EntityFramework", "LeagueManager.Persistence.EntityFramework\LeagueManager.Persistence.EntityFramework.csproj", "{E81AF5A4-B428-4206-B140-6F649519FFFE}"
EndProject
Project("{FAE04EC0-301F-11D3-BF4B-00C04F79EFBC}") = "LeagueManager.WebUI", "LeagueManager.WebUI\LeagueManager.WebUI.csproj", "{AF40362F-344C-45B8-AA6C-906A22A6B8EE}"
EndProject
Global
	GlobalSection(SolutionConfigurationPlatforms) = preSolution
		Debug|Any CPU = Debug|Any CPU
		Release|Any CPU = Release|Any CPU
	EndGlobalSection
	GlobalSection(ProjectConfigurationPlatforms) = postSolution
		{6B4D3E09-0916-42F4-8691-A12E00BD7E42}.Debug|Any CPU.ActiveCfg = Debug|Any CPU
		{6B4D3E09-0916-42F4-8691-A12E00BD7E42}.Debug|Any CPU.Build.0 = Debug|Any CPU
		{6B4D3E09-0916-42F4-8691-A12E00BD7E42}.Release|Any CPU.ActiveCfg = Release|Any CPU
		{6B4D3E09-0916-42F4-8691-A12E00BD7E42}.Release|Any CPU.Build.0 = Release|Any CPU
		{37E78ABF-BAB1-49D8-9322-9FCA83371FAC}.Debug|Any CPU.ActiveCfg = Debug|Any CPU
		{37E78ABF-BAB1-49D8-9322-9FCA83371FAC}.Debug|Any CPU.Build.0 = Debug|Any CPU
		{37E78ABF-BAB1-49D8-9322-9FCA83371FAC}.Release|Any CPU.ActiveCfg = Release|Any CPU
		{37E78ABF-BAB1-49D8-9322-9FCA83371FAC}.Release|Any CPU.Build.0 = Release|Any CPU
		{F8D4C2CF-882B-4914-BFFC-7B741CBAA7B2}.Debug|Any CPU.ActiveCfg = Debug|Any CPU
		{F8D4C2CF-882B-4914-BFFC-7B741CBAA7B2}.Debug|Any CPU.Build.0 = Debug|Any CPU
		{F8D4C2CF-882B-4914-BFFC-7B741CBAA7B2}.Release|Any CPU.ActiveCfg = Release|Any CPU
		{F8D4C2CF-882B-4914-BFFC-7B741CBAA7B2}.Release|Any CPU.Build.0 = Release|Any CPU
		{E81AF5A4-B428-4206-B140-6F649519FFFE}.Debug|Any CPU.ActiveCfg = Debug|Any CPU
		{E81AF5A4-B428-4206-B140-6F649519FFFE}.Debug|Any CPU.Build.0 = Debug|Any CPU
		{E81AF5A4-B428-4206-B140-6F649519FFFE}.Release|Any CPU.ActiveCfg = Release|Any CPU
		{E81AF5A4-B428-4206-B140-6F649519FFFE}.Release|Any CPU.Build.0 = Release|Any CPU
		{AF40362F-344C-45B8-AA6C-906A22A6B8EE}.Debug|Any CPU.ActiveCfg = Debug|Any CPU
		{AF40362F-344C-45B8-AA6C-906A22A6B8EE}.Debug|Any CPU.Build.0 = Debug|Any CPU
		{AF40362F-344C-45B8-AA6C-906A22A6B8EE}.Release|Any CPU.ActiveCfg = Release|Any CPU
		{AF40362F-344C-45B8-AA6C-906A22A6B8EE}.Release|Any CPU.Build.0 = Release|Any CPU
	EndGlobalSection
	GlobalSection(SolutionProperties) = preSolution
		HideSolutionNode = FALSE
	EndGlobalSection
	GlobalSection(ExtensibilityGlobals) = postSolution
		SolutionGuid = {62347AEE-45AB-4A37-BD88-412BD6327427}
	EndGlobalSection
EndGlobal
